
Microsoft Visual Studio Solution File, Format Version 12.00
# Visual Studio Version 17
VisualStudioVersion = 17.10.35013.160
MinimumVisualStudioVersion = 10.0.40219.1
Project("{FAE04EC0-301F-11D3-BF4B-00C04F79EFBC}") = "SearchingAlgorithms", "SearchingAlgorithms.csproj", "{4E5761AB-9AC2-4612-A064-AB5B84EA1003}"
EndProject
Project("{FAE04EC0-301F-11D3-BF4B-00C04F79EFBC}") = "SearchingAlgorithmsTests", "..\SearchingAlgorithmsTests\SearchingAlgorithmsTests.csproj", "{D6710D43-D069-4076-AE98-C0313434C509}"
EndProject
Global
	GlobalSection(SolutionConfigurationPlatforms) = preSolution
		Debug|Any CPU = Debug|Any CPU
		Release|Any CPU = Release|Any CPU
	EndGlobalSection
	GlobalSection(ProjectConfigurationPlatforms) = postSolution
		{4E5761AB-9AC2-4612-A064-AB5B84EA1003}.Debug|Any CPU.ActiveCfg = Debug|Any CPU
		{4E5761AB-9AC2-4612-A064-AB5B84EA1003}.Debug|Any CPU.Build.0 = Debug|Any CPU
		{4E5761AB-9AC2-4612-A064-AB5B84EA1003}.Release|Any CPU.ActiveCfg = Release|Any CPU
		{4E5761AB-9AC2-4612-A064-AB5B84EA1003}.Release|Any CPU.Build.0 = Release|Any CPU
		{D6710D43-D069-4076-AE98-C0313434C509}.Debug|Any CPU.ActiveCfg = Debug|Any CPU
		{D6710D43-D069-4076-AE98-C0313434C509}.Debug|Any CPU.Build.0 = Debug|Any CPU
		{D6710D43-D069-4076-AE98-C0313434C509}.Release|Any CPU.ActiveCfg = Release|Any CPU
		{D6710D43-D069-4076-AE98-C0313434C509}.Release|Any CPU.Build.0 = Release|Any CPU
	EndGlobalSection
	GlobalSection(SolutionProperties) = preSolution
		HideSolutionNode = FALSE
	EndGlobalSection
	GlobalSection(ExtensibilityGlobals) = postSolution
		SolutionGuid = {731AC719-32A9-4C5D-80F4-39980E22E65E}
	EndGlobalSection
EndGlobal
